version: 1
checksums:
  f8850539ec224232e0abc0a771dbcbb9:
    head/1#content: d94b318cb327f61f1aea44a6cb1fdcad
    head/2#content: dc542d5c3839267aa4092052d6f3a2eb
    head/3: 39a2091b4878695eebc1e74ba178559f
    head/4#content: 88ddb810b551e63ec4e5d7e828ec86ed
    head/6#content: c10cda3f178842a4b75df9b4f9617353
    head/7#content: 1778811083ba3e610e8a73ddab212232
    head/8#content: 11ca112e48517b3addf6a156603308b7
    head/9#content: 39a2091b4878695eebc1e74ba178559f
    head/10#content: 88ddb810b551e63ec4e5d7e828ec86ed
    head/12#content: 39a2091b4878695eebc1e74ba178559f
    head/13#content: 3c7b20f91f8fa888969cc818b3925749
    head/15#content: d387d7423ccda42d2f7b9f6e0a75ee76
    head/16#content: 39a2091b4878695eebc1e74ba178559f
    head/17#content: 88ddb810b551e63ec4e5d7e828ec86ed
    body/0/0/0/0/0: ba47e33480b716ad143053a413c6f3ca
    body/0/0/0/1: 73226bb68ff55142d47bc6f1dfeb6d09
    body/0/0/1/0#alt: 1665e479ecb78ba6534af0349d7f7a65
  e29d20540f817f580ef0bf95a16345d7:
    head/1#content: d94b318cb327f61f1aea44a6cb1fdcad
    head/2#content: dc542d5c3839267aa4092052d6f3a2eb
    head/3: a3c7a901a742e126960d2a99a09bc529
    head/4#content: 2493241ef0ec26499328cd2b66aca664
    body/0/0/0: 47e0ee2eb40b4e7e732e05e2233fc71c
    body/0/0/1/1: 0d17f4d8d660df40b41d82e0171af6ad
    body/0/0/2: 40b52b0f52bea250cd098018dbc5779d
    body/0/0/3: 4ad33d0cc432335e63721f5aee278700
    body/0/0/4: 9633f275e22eee4e14dbc6973f24f477
    body/0/0/5: 146d3f5e8f9ffd47d7d706904348ae45
    body/0/0/6: f12752111878a706ff37f50f21a0d1e3
    body/0/0/7: f57de65b34eab447ae0cf122bf1ddd97
    body/0/0/8/1: 2d1ff3466d9db576ba5bd3c01995758b
    body/0/0/9: 697b95a1be50b0344af02cabe800fc2b
    body/0/0/10: 51970db5e0eb26ec7c390fdee5fec09b
    body/0/0/11: 13e2261ebfa49ae5063758a4805e1ab6
    body/0/0/12: 4f94fe8d578a590b811529409f9df963
    body/0/0/13/1: 55aab5fd0f31a9cb055a2edeeedfaf63
    body/0/0/14: 36f05e1b36c96a98ce3a98e1de160901
    body/0/0/15: 180b3224bebcb3b79f5d4e819a29c2aa
    body/0/0/16: a54c59707e0dcc5a9f7144484bce2f8f
    body/0/0/17: e275a026b9b6d9c61891e8349ea3b987
    body/0/0/18/1: 0958d9feecd364ce3299234f1c837a6c
    body/0/0/19: e0696f9234393730cddd0aa3d227bba0
    body/0/0/20: 021b80e62d8233623f153eaff7590561
    body/0/0/21: 755e4c566e9a90e5d7671e5afacbfd5e
    body/0/0/22: c92cc3fe63be6a2b207bfd07f1572d5f
    body/0/0/23/1: 6391c3fb8754952e998cc4562dad4c00
    body/0/0/24/0: eefe93fd18650aed3ada8e3cdd367d2f
    body/0/0/24/1: 960440ea023e34e0bf2ff3a36e07fc0f
    body/0/0/24/2: 3c07bf493adad2502ca33ba423a5026a
    body/0/0/24/3: b2bc402fa2b31409de6f04757e859919
  d1a918c1dcb1f2d81e8a1775a1db801e:
    head/1#content: d94b318cb327f61f1aea44a6cb1fdcad
    head/2#content: dc542d5c3839267aa4092052d6f3a2eb
    head/3: 474bbc70c2211ecfe60c24f65639f1c9
    body/0/0/0: 7459744a63ef8af4e517a09024bd7c08
    body/0/0/1: dcbef0c352b477662dca6a1e43afd253
    body/0/0/2: cfe676747f4bb24b2bebe547ef727721
    body/0/0/3: 8ffc8b04a3739ea3d117f49473aa0a79
    body/0/0/4: 1288ce7c133de87da305747829a66a63
    body/0/0/5: c01527bf522346a42a9cbfa9c2bdd059
    body/0/0/6/0: 48d925a8f803e48061e0ad437578fb89
    body/0/0/6/1: 5cd62bec5b73667ab2e28124046d1e36
    body/0/0/7: 3c3fdf68768c6d775803873461dd5fae
    body/0/0/8/0: bdf49e6532a0e002f862f7e8f0d6cb97
    body/0/0/8/1: 4e4b51378f2757f92c54c5109b03ddea
    body/0/0/8/2: b3e3ed94cb473b72c019618bd68e9036
    body/0/0/9: 8c22607f69e7a377996d73af62c8a331
    body/0/0/10: 9757374f22963e71c073a52345bf7b43
    body/0/0/11: fd5fe04e343740de6a6a5398b6ed6cf8
    body/0/0/12: 2feab866d25f0e0e65669de6a1ccfb4d
    body/0/0/13: 3516c5ab402bcb32a8d0b529421b2ec8
    body/0/0/14: 7be727b2c89394c8657f9bd25ea75736
    body/0/0/15/0: 360323be2c55b48819a8dddb0affb025
    body/0/0/15/1: f34035b2b19eabd7e90497aea6c6d1c7
    body/0/0/16: f972dbbf61d5355230677f57143bf4d0
    body/0/0/17: c3e1f52de949419ab30121d17f3996ea
    body/0/0/18/0: d262d309419e8ecb96797e2945fae94f
    body/0/0/18/1: c02ee8038f6e5a9cabe3fb1132a4ffea
    body/0/0/18/2: 3e7aef2a9e4e5ef4a5d9d4d664a5cfc2
    body/0/0/18/3: 1a0fb0140b0048f26e809e9a2da4aa4a
    body/0/0/18/4: 488db805f8742828ecf934cc504ea40c
    body/0/0/18/5: 2ecb72065818996e5bab54a759e90ea5
    body/0/0/18/6: 669e892262d7df6729d2f15ddef13102
    body/0/0/18/7: c57f42cd1d3517d490652e045cf4db68
    body/0/0/19: ccfcfa3fe6d9540a049d00cb8206f3e5
    body/0/0/20: 4effbe1c1979a8cfd98e8b7599edfcde
    body/0/0/21/0: 4a8a675cdde7e8a3ff8faa14e7b54090
    body/0/0/22: 5882b97a26786f900d865a60ab706ea3
    body/0/0/23: 1f4911155af96193816f8610469fda86
    body/0/0/24/0: 9cfd1812b8e0972b661d750698744f4e
    body/0/0/24/1: 5edc4a9f2a1a247b5ba6715a7894051a
    body/0/0/25: a8500a30f36207377a03727ba1a4cfad
    body/0/0/26: 9af12425e2eb3f464489f744f18c0281
    body/0/0/27: a0e80adb5d36e4033d8885e231f2d39b
    body/0/0/28: 4c31d28ba1ca12bbf8d07660197d93ea
    body/0/0/29/0: 80686908cfe7973784fb04fd0d700d99
    body/0/0/29/1: 570c398f795e00379ef4de0d8890c90b
    body/0/0/29/2: 9440dd8654fa9553e9cec87d6b42e4c6
    body/0/0/29/3: ad5f496b686c23602e8b19595e899096
    body/0/0/30: 2ea88f912f79aed90bee93117c89be4e
    body/0/0/31: 098cfc059c887c80cad5651ecdb26505
    body/0/0/32: c43d8516bbf7baace17052839e03413e
    body/0/0/33: 256e39bd813373f12e62c5a8758abb66
    body/0/0/34: 955d58917247dd5a28eaf81e3c6e763a
    body/0/0/35: 548daad9165dbf367f33377a19d91aa9
    body/0/0/36/0: f43b1768b0c5fb1e05031533d24cada3
    body/0/0/36/1: 2152b70f64558258478b157e981bd118
  f181fa618228dfc45cfbbd501b857f9e:
    head/1#content: d94b318cb327f61f1aea44a6cb1fdcad
    head/2#content: dc542d5c3839267aa4092052d6f3a2eb
    head/3: f2e90dc8bc90a8f1301ac15da0df7121
    body/0/0/0: 9ac262b2eda552beeecd904c0b9f8fa2
    body/0/0/1: dcbef0c352b477662dca6a1e43afd253
    body/0/0/2: e915264547f67320b3b3b74cff767d41
    body/0/0/3: 964490e4edc988c6dc31ee6b5ffb5a3a
    body/0/0/4: 20c2dce53f02633a23663f33cdfb8548
    body/0/0/5: 0ec037682b7f401e0d66301e3cea5a3c
    body/0/0/6: c03dfe24d4cbc762ba6ee38439f924df
    body/0/0/7: ac2bcac75151e2fcd9eb768cea275a77
    body/0/0/8: b7fbf2102143107a21a089978d78d496
    body/0/0/9: 93a40c7dfa1ba60304b1632dd0c0b986
    body/0/0/10: 9c0416d4f2b67705afcea9a8ee5ff15b
    body/0/0/11: 0abfdc7e2d05356782480a24924e6398
    body/0/0/12: 789064e6afae507a4d38a95a58c7c43f
    body/0/0/13: 1246942ac1fb0313eb552f486d8cd7c6
    body/0/0/14: 30cb46859d24d7deb2d9d3ed09231b35
    body/0/0/15: 65babb8351cdc598445036a3ccc7ba8d
    body/0/0/16: 137939323e45441f35fa372cad71e41a
    body/0/0/17: 63eb8a0ab056994acaedcf9d50260963
    body/0/0/18/0: a3899b8b8549eb5f09af16c47e711e65
    body/0/0/18/1: e06ff9a64d3dadaf2a6486f1a7deda6a
    body/0/0/18/2: 479630f88f00c196f2704c2809572cbe
    body/0/0/19: a066c90ea25c7c7c5fac95d7a4cc290e
    body/0/0/20: ec45767ad32b01a3bed5b37a2d2e9fd3
    body/0/0/21: 53456ec44d67282f96b12d9c0eba3f54
    body/0/0/22: 22aeb432f4b2d99020c1ba6a605ed7fe
    body/0/0/23: dbf928d207c4e662a237bdc03930ef8b
    body/0/0/24: 1f46539508c1cb6528c35fe811eb8064
    body/0/0/25: e09ca5ba10b5c76d699862b32f075ea5
    body/0/0/26: fe97c9bd457a9a7cd43c34f5de0bcd26
    body/0/0/27: d7fed0cab886d173b0a4c9d997d78582
    body/0/0/28/0: 0ff7d8cbfde5714f047baacca6f35fff
    body/0/0/28/1: 2323443f8f7349ca3c8d19fe6e95108c
    body/0/0/28/2: 7df3b1aec2411a199902f5b2b447d972
    body/0/0/29: 6001586ad51e11dd47c7401d1ef11067
    body/0/0/30: 0e3a4cc475e4d5105c95ec83b9cce588
    body/0/0/31: 6fe610b3b2c80c07bb0d3d8a72e87ec3
    body/0/0/32: c552120c4896f4087f325b29e5695c54
    body/0/0/33: e78f69bf5f4502cdac116811307ea3dd
    body/0/0/34: b4dc39c2de5dfb564967bd31b4c5da17
    body/0/0/35: 4e0dd4e9c143c34c4f462f8f9ff65a61
    body/0/0/36: d7e962132166e8fb0cce6d8a362b148f
    body/0/0/37: 65c24858c70de773a4a34741728e28c2
    body/0/0/38: 82138f5bd894b1862b44ad3d9cfc1008
    body/0/0/39/0: f43b1768b0c5fb1e05031533d24cada3
    body/0/0/39/1: b5c4c4dc3b061cbee1c3b1b0bf508e18
